// !$*UTF8*$!
{
	archiveVersion = 1;
	classes = {
	};
	objectVersion = 51;
	objects = {

/* Begin PBXBuildFile section */
		0D81CE717FB6EA53AD5B6259 /* libPods-Bobcat Deals.a in Frameworks */ = {isa = PBXBuildFile; fileRef = D9A1FF2167257F25381FB94B /* libPods-Bobcat Deals.a */; };
		CF4CF56F25A7C9990090D04B /* UIView+Extensions.swift in Sources */ = {isa = PBXBuildFile; fileRef = CF4CF56E25A7C9990090D04B /* UIView+Extensions.swift */; };
		CF4CF57625A927F40090D04B /* SessionState.swift in Sources */ = {isa = PBXBuildFile; fileRef = CF4CF57525A927F40090D04B /* SessionState.swift */; };
		CF4CF57925A973250090D04B /* CustomImageView.swift in Sources */ = {isa = PBXBuildFile; fileRef = CF4CF57825A973250090D04B /* CustomImageView.swift */; };
		CF4CF57E25B0EBF20090D04B /* BookedTableViewCell.swift in Sources */ = {isa = PBXBuildFile; fileRef = CF4CF57D25B0EBF20090D04B /* BookedTableViewCell.swift */; };
		CFF7A3D925A6D21200D96FC6 /* AppDelegate.swift in Sources */ = {isa = PBXBuildFile; fileRef = CFF7A3D825A6D21200D96FC6 /* AppDelegate.swift */; };
		CFF7A3DB25A6D21200D96FC6 /* SceneDelegate.swift in Sources */ = {isa = PBXBuildFile; fileRef = CFF7A3DA25A6D21200D96FC6 /* SceneDelegate.swift */; };
		CFF7A3E325A6D21200D96FC6 /* Bobcat_Deals.xcdatamodeld in Sources */ = {isa = PBXBuildFile; fileRef = CFF7A3E125A6D21200D96FC6 /* Bobcat_Deals.xcdatamodeld */; };
		CFF7A3E525A6D21300D96FC6 /* Assets.xcassets in Resources */ = {isa = PBXBuildFile; fileRef = CFF7A3E425A6D21300D96FC6 /* Assets.xcassets */; };
		CFF7A3E825A6D21300D96FC6 /* LaunchScreen.storyboard in Resources */ = {isa = PBXBuildFile; fileRef = CFF7A3E625A6D21300D96FC6 /* LaunchScreen.storyboard */; };
		CFF7A3F925A6D4DE00D96FC6 /* UIImage+Extensions.swift in Sources */ = {isa = PBXBuildFile; fileRef = CFF7A3F825A6D4DE00D96FC6 /* UIImage+Extensions.swift */; };
		CFF7A3FC25A6D50F00D96FC6 /* UIButton+Extensions.swift in Sources */ = {isa = PBXBuildFile; fileRef = CFF7A3FB25A6D50F00D96FC6 /* UIButton+Extensions.swift */; };
		CFF7A40325A6D5A100D96FC6 /* BusinessData.swift in Sources */ = {isa = PBXBuildFile; fileRef = CFF7A40225A6D5A100D96FC6 /* BusinessData.swift */; };
		CFF7A40725A6D5B600D96FC6 /* ImageCache.swift in Sources */ = {isa = PBXBuildFile; fileRef = CFF7A40625A6D5B600D96FC6 /* ImageCache.swift */; };
		CFF7A40A25A6D60200D96FC6 /* BusinessAnnotation.swift in Sources */ = {isa = PBXBuildFile; fileRef = CFF7A40925A6D60200D96FC6 /* BusinessAnnotation.swift */; };
		CFF7A40E25A6D62B00D96FC6 /* BusinessMapModel.swift in Sources */ = {isa = PBXBuildFile; fileRef = CFF7A40D25A6D62B00D96FC6 /* BusinessMapModel.swift */; };
		CFF7A41125A6D66300D96FC6 /* NetworkService.swift in Sources */ = {isa = PBXBuildFile; fileRef = CFF7A41025A6D66300D96FC6 /* NetworkService.swift */; };
		CFF7A41425A6D69200D96FC6 /* MapService.swift in Sources */ = {isa = PBXBuildFile; fileRef = CFF7A41325A6D69200D96FC6 /* MapService.swift */; };
		CFF7A41725A6D6BA00D96FC6 /* LocationService.swift in Sources */ = {isa = PBXBuildFile; fileRef = CFF7A41625A6D6BA00D96FC6 /* LocationService.swift */; };
		CFF7A41A25A6D6D900D96FC6 /* PersistenceService.swift in Sources */ = {isa = PBXBuildFile; fileRef = CFF7A41925A6D6D900D96FC6 /* PersistenceService.swift */; };
		CFF7A41E25A6D70700D96FC6 /* Bookmark+CoreDataClass.swift in Sources */ = {isa = PBXBuildFile; fileRef = CFF7A41C25A6D70700D96FC6 /* Bookmark+CoreDataClass.swift */; };
		CFF7A41F25A6D70700D96FC6 /* Bookmark+CoreDataProperties.swift in Sources */ = {isa = PBXBuildFile; fileRef = CFF7A41D25A6D70700D96FC6 /* Bookmark+CoreDataProperties.swift */; };
		CFF7A42625A6D88F00D96FC6 /* FeedCollectionView.swift in Sources */ = {isa = PBXBuildFile; fileRef = CFF7A42525A6D88F00D96FC6 /* FeedCollectionView.swift */; };
		CFF7A42A25A6D8B500D96FC6 /* BookedCollectionViewCell.swift in Sources */ = {isa = PBXBuildFile; fileRef = CFF7A42925A6D8B500D96FC6 /* BookedCollectionViewCell.swift */; };
		CFF7A42D25A6D8D100D96FC6 /* CategoryCollectionView.swift in Sources */ = {isa = PBXBuildFile; fileRef = CFF7A42C25A6D8D100D96FC6 /* CategoryCollectionView.swift */; };
		CFF7A43025A6D8F200D96FC6 /* OnboardingCollectionViewCell.swift in Sources */ = {isa = PBXBuildFile; fileRef = CFF7A42F25A6D8F200D96FC6 /* OnboardingCollectionViewCell.swift */; };
		CFF7A43325A6D91500D96FC6 /* CategoryBar.swift in Sources */ = {isa = PBXBuildFile; fileRef = CFF7A43225A6D91500D96FC6 /* CategoryBar.swift */; };
		CFF7A43625A6D92E00D96FC6 /* SectionHeader.swift in Sources */ = {isa = PBXBuildFile; fileRef = CFF7A43525A6D92E00D96FC6 /* SectionHeader.swift */; };
		CFF7A43925A6D94700D96FC6 /* BobcatMapView.swift in Sources */ = {isa = PBXBuildFile; fileRef = CFF7A43825A6D94700D96FC6 /* BobcatMapView.swift */; };
		CFF7A43C25A6D96500D96FC6 /* LocationPopup.swift in Sources */ = {isa = PBXBuildFile; fileRef = CFF7A43B25A6D96500D96FC6 /* LocationPopup.swift */; };
		CFF7A43F25A6D98000D96FC6 /* StartButton.swift in Sources */ = {isa = PBXBuildFile; fileRef = CFF7A43E25A6D98000D96FC6 /* StartButton.swift */; };
		CFF7A44225A6D9A600D96FC6 /* OnboardingViewController.swift in Sources */ = {isa = PBXBuildFile; fileRef = CFF7A44125A6D9A600D96FC6 /* OnboardingViewController.swift */; };
		CFF7A44525A6D9C500D96FC6 /* MainTabBarViewController.swift in Sources */ = {isa = PBXBuildFile; fileRef = CFF7A44425A6D9C500D96FC6 /* MainTabBarViewController.swift */; };
		CFF7A44825A6D9E000D96FC6 /* FeedViewController.swift in Sources */ = {isa = PBXBuildFile; fileRef = CFF7A44725A6D9E000D96FC6 /* FeedViewController.swift */; };
		CFF7A44B25A6DA0900D96FC6 /* BookmarkViewController.swift in Sources */ = {isa = PBXBuildFile; fileRef = CFF7A44A25A6DA0900D96FC6 /* BookmarkViewController.swift */; };
		CFF7A44E25A6DACF00D96FC6 /* restaurant.json in Resources */ = {isa = PBXBuildFile; fileRef = CFF7A44D25A6DACF00D96FC6 /* restaurant.json */; };
		CFF7A45125A6DAE200D96FC6 /* bookmark.json in Resources */ = {isa = PBXBuildFile; fileRef = CFF7A45025A6DAE200D96FC6 /* bookmark.json */; };
		CFF7A45425A6DB3200D96FC6 /* idcard.json in Resources */ = {isa = PBXBuildFile; fileRef = CFF7A45325A6DB3200D96FC6 /* idcard.json */; };
/* End PBXBuildFile section */

/* Begin PBXFileReference section */
		171119CFB4C0F879DD70730F /* Pods-Bobcat Deals.release.xcconfig */ = {isa = PBXFileReference; includeInIndex = 1; lastKnownFileType = text.xcconfig; name = "Pods-Bobcat Deals.release.xcconfig"; path = "Target Support Files/Pods-Bobcat Deals/Pods-Bobcat Deals.release.xcconfig"; sourceTree = "<group>"; };
		A5BCD652650799A8A7C04F6D /* Pods-Bobcat Deals.debug.xcconfig */ = {isa = PBXFileReference; includeInIndex = 1; lastKnownFileType = text.xcconfig; name = "Pods-Bobcat Deals.debug.xcconfig"; path = "Target Support Files/Pods-Bobcat Deals/Pods-Bobcat Deals.debug.xcconfig"; sourceTree = "<group>"; };
		CF0F554425C39BA6004B382D /* Bobcat_Dealsv 3.xcdatamodel */ = {isa = PBXFileReference; lastKnownFileType = wrapper.xcdatamodel; path = "Bobcat_Dealsv 3.xcdatamodel"; sourceTree = "<group>"; };
		CF4CF56E25A7C9990090D04B /* UIView+Extensions.swift */ = {isa = PBXFileReference; lastKnownFileType = sourcecode.swift; path = "UIView+Extensions.swift"; sourceTree = "<group>"; };
		CF4CF57525A927F40090D04B /* SessionState.swift */ = {isa = PBXFileReference; lastKnownFileType = sourcecode.swift; path = SessionState.swift; sourceTree = "<group>"; };
		CF4CF57825A973250090D04B /* CustomImageView.swift */ = {isa = PBXFileReference; lastKnownFileType = sourcecode.swift; path = CustomImageView.swift; sourceTree = "<group>"; };
		CF4CF57B25AF8E520090D04B /* Bobcat_Dealsv2.xcdatamodel */ = {isa = PBXFileReference; lastKnownFileType = wrapper.xcdatamodel; path = Bobcat_Dealsv2.xcdatamodel; sourceTree = "<group>"; };
		CF4CF57D25B0EBF20090D04B /* BookedTableViewCell.swift */ = {isa = PBXFileReference; lastKnownFileType = sourcecode.swift; path = BookedTableViewCell.swift; sourceTree = "<group>"; };
		CFF7A3D525A6D21200D96FC6 /* Bobcat Deals.app */ = {isa = PBXFileReference; explicitFileType = wrapper.application; includeInIndex = 0; path = "Bobcat Deals.app"; sourceTree = BUILT_PRODUCTS_DIR; };
		CFF7A3D825A6D21200D96FC6 /* AppDelegate.swift */ = {isa = PBXFileReference; lastKnownFileType = sourcecode.swift; path = AppDelegate.swift; sourceTree = "<group>"; };
		CFF7A3DA25A6D21200D96FC6 /* SceneDelegate.swift */ = {isa = PBXFileReference; lastKnownFileType = sourcecode.swift; path = SceneDelegate.swift; sourceTree = "<group>"; };
		CFF7A3E225A6D21200D96FC6 /* Bobcat_Deals.xcdatamodel */ = {isa = PBXFileReference; lastKnownFileType = wrapper.xcdatamodel; path = Bobcat_Deals.xcdatamodel; sourceTree = "<group>"; };
		CFF7A3E425A6D21300D96FC6 /* Assets.xcassets */ = {isa = PBXFileReference; lastKnownFileType = folder.assetcatalog; path = Assets.xcassets; sourceTree = "<group>"; };
		CFF7A3E725A6D21300D96FC6 /* Base */ = {isa = PBXFileReference; lastKnownFileType = file.storyboard; name = Base; path = Base.lproj/LaunchScreen.storyboard; sourceTree = "<group>"; };
		CFF7A3E925A6D21300D96FC6 /* Info.plist */ = {isa = PBXFileReference; lastKnownFileType = text.plist.xml; path = Info.plist; sourceTree = "<group>"; };
		CFF7A3F825A6D4DE00D96FC6 /* UIImage+Extensions.swift */ = {isa = PBXFileReference; lastKnownFileType = sourcecode.swift; path = "UIImage+Extensions.swift"; sourceTree = "<group>"; };
		CFF7A3FB25A6D50F00D96FC6 /* UIButton+Extensions.swift */ = {isa = PBXFileReference; lastKnownFileType = sourcecode.swift; path = "UIButton+Extensions.swift"; sourceTree = "<group>"; };
		CFF7A40225A6D5A100D96FC6 /* BusinessData.swift */ = {isa = PBXFileReference; lastKnownFileType = sourcecode.swift; path = BusinessData.swift; sourceTree = "<group>"; };
		CFF7A40625A6D5B600D96FC6 /* ImageCache.swift */ = {isa = PBXFileReference; lastKnownFileType = sourcecode.swift; path = ImageCache.swift; sourceTree = "<group>"; };
		CFF7A40925A6D60200D96FC6 /* BusinessAnnotation.swift */ = {isa = PBXFileReference; lastKnownFileType = sourcecode.swift; path = BusinessAnnotation.swift; sourceTree = "<group>"; };
		CFF7A40D25A6D62B00D96FC6 /* BusinessMapModel.swift */ = {isa = PBXFileReference; lastKnownFileType = sourcecode.swift; path = BusinessMapModel.swift; sourceTree = "<group>"; };
		CFF7A41025A6D66300D96FC6 /* NetworkService.swift */ = {isa = PBXFileReference; lastKnownFileType = sourcecode.swift; path = NetworkService.swift; sourceTree = "<group>"; };
		CFF7A41325A6D69200D96FC6 /* MapService.swift */ = {isa = PBXFileReference; lastKnownFileType = sourcecode.swift; path = MapService.swift; sourceTree = "<group>"; };
		CFF7A41625A6D6BA00D96FC6 /* LocationService.swift */ = {isa = PBXFileReference; lastKnownFileType = sourcecode.swift; path = LocationService.swift; sourceTree = "<group>"; };
		CFF7A41925A6D6D900D96FC6 /* PersistenceService.swift */ = {isa = PBXFileReference; lastKnownFileType = sourcecode.swift; path = PersistenceService.swift; sourceTree = "<group>"; };
		CFF7A41C25A6D70700D96FC6 /* Bookmark+CoreDataClass.swift */ = {isa = PBXFileReference; lastKnownFileType = sourcecode.swift; path = "Bookmark+CoreDataClass.swift"; sourceTree = "<group>"; };
		CFF7A41D25A6D70700D96FC6 /* Bookmark+CoreDataProperties.swift */ = {isa = PBXFileReference; lastKnownFileType = sourcecode.swift; path = "Bookmark+CoreDataProperties.swift"; sourceTree = "<group>"; };
		CFF7A42525A6D88F00D96FC6 /* FeedCollectionView.swift */ = {isa = PBXFileReference; lastKnownFileType = sourcecode.swift; path = FeedCollectionView.swift; sourceTree = "<group>"; };
		CFF7A42925A6D8B500D96FC6 /* BookedCollectionViewCell.swift */ = {isa = PBXFileReference; lastKnownFileType = sourcecode.swift; path = BookedCollectionViewCell.swift; sourceTree = "<group>"; };
		CFF7A42C25A6D8D100D96FC6 /* CategoryCollectionView.swift */ = {isa = PBXFileReference; lastKnownFileType = sourcecode.swift; path = CategoryCollectionView.swift; sourceTree = "<group>"; };
		CFF7A42F25A6D8F200D96FC6 /* OnboardingCollectionViewCell.swift */ = {isa = PBXFileReference; lastKnownFileType = sourcecode.swift; path = OnboardingCollectionViewCell.swift; sourceTree = "<group>"; };
		CFF7A43225A6D91500D96FC6 /* CategoryBar.swift */ = {isa = PBXFileReference; lastKnownFileType = sourcecode.swift; path = CategoryBar.swift; sourceTree = "<group>"; };
		CFF7A43525A6D92E00D96FC6 /* SectionHeader.swift */ = {isa = PBXFileReference; lastKnownFileType = sourcecode.swift; path = SectionHeader.swift; sourceTree = "<group>"; };
		CFF7A43825A6D94700D96FC6 /* BobcatMapView.swift */ = {isa = PBXFileReference; lastKnownFileType = sourcecode.swift; path = BobcatMapView.swift; sourceTree = "<group>"; };
		CFF7A43B25A6D96500D96FC6 /* LocationPopup.swift */ = {isa = PBXFileReference; lastKnownFileType = sourcecode.swift; path = LocationPopup.swift; sourceTree = "<group>"; };
		CFF7A43E25A6D98000D96FC6 /* StartButton.swift */ = {isa = PBXFileReference; lastKnownFileType = sourcecode.swift; path = StartButton.swift; sourceTree = "<group>"; };
		CFF7A44125A6D9A600D96FC6 /* OnboardingViewController.swift */ = {isa = PBXFileReference; lastKnownFileType = sourcecode.swift; path = OnboardingViewController.swift; sourceTree = "<group>"; };
		CFF7A44425A6D9C500D96FC6 /* MainTabBarViewController.swift */ = {isa = PBXFileReference; lastKnownFileType = sourcecode.swift; path = MainTabBarViewController.swift; sourceTree = "<group>"; };
		CFF7A44725A6D9E000D96FC6 /* FeedViewController.swift */ = {isa = PBXFileReference; lastKnownFileType = sourcecode.swift; path = FeedViewController.swift; sourceTree = "<group>"; };
		CFF7A44A25A6DA0900D96FC6 /* BookmarkViewController.swift */ = {isa = PBXFileReference; lastKnownFileType = sourcecode.swift; path = BookmarkViewController.swift; sourceTree = "<group>"; };
		CFF7A44D25A6DACF00D96FC6 /* restaurant.json */ = {isa = PBXFileReference; fileEncoding = 4; lastKnownFileType = text.json; name = restaurant.json; path = "../../../Downloads/16274-trending-restaurant/restaurant.json"; sourceTree = "<group>"; };
		CFF7A45025A6DAE200D96FC6 /* bookmark.json */ = {isa = PBXFileReference; fileEncoding = 4; lastKnownFileType = text.json; name = bookmark.json; path = ../../../Downloads/bookmark.json; sourceTree = "<group>"; };
		CFF7A45325A6DB3200D96FC6 /* idcard.json */ = {isa = PBXFileReference; fileEncoding = 4; lastKnownFileType = text.json; name = idcard.json; path = ../../../Downloads/idcard.json; sourceTree = "<group>"; };
		D9A1FF2167257F25381FB94B /* libPods-Bobcat Deals.a */ = {isa = PBXFileReference; explicitFileType = archive.ar; includeInIndex = 0; path = "libPods-Bobcat Deals.a"; sourceTree = BUILT_PRODUCTS_DIR; };
/* End PBXFileReference section */

/* Begin PBXFrameworksBuildPhase section */
		CFF7A3D225A6D21200D96FC6 /* Frameworks */ = {
			isa = PBXFrameworksBuildPhase;
			buildActionMask = 2147483647;
			files = (
				0D81CE717FB6EA53AD5B6259 /* libPods-Bobcat Deals.a in Frameworks */,
			);
			runOnlyForDeploymentPostprocessing = 0;
		};
/* End PBXFrameworksBuildPhase section */

/* Begin PBXGroup section */
		45C8F03ABDF6CDF0FA8F090D /* Frameworks */ = {
			isa = PBXGroup;
			children = (
				D9A1FF2167257F25381FB94B /* libPods-Bobcat Deals.a */,
			);
			name = Frameworks;
			sourceTree = "<group>";
		};
		CFF7A3CC25A6D21200D96FC6 = {
			isa = PBXGroup;
			children = (
				CFF7A3D725A6D21200D96FC6 /* Bobcat Deals */,
				CFF7A3D625A6D21200D96FC6 /* Products */,
				F5D292F20FB73151C94503B7 /* Pods */,
				45C8F03ABDF6CDF0FA8F090D /* Frameworks */,
			);
			sourceTree = "<group>";
		};
		CFF7A3D625A6D21200D96FC6 /* Products */ = {
			isa = PBXGroup;
			children = (
				CFF7A3D525A6D21200D96FC6 /* Bobcat Deals.app */,
			);
			name = Products;
			sourceTree = "<group>";
		};
		CFF7A3D725A6D21200D96FC6 /* Bobcat Deals */ = {
			isa = PBXGroup;
			children = (
				CFF7A3DA25A6D21200D96FC6 /* SceneDelegate.swift */,
				CFF7A3D825A6D21200D96FC6 /* AppDelegate.swift */,
				CFF7A3F325A6D4A300D96FC6 /* UIFoundation */,
				CFF7A3FE25A6D53400D96FC6 /* Model */,
				CFF7A42125A6D82900D96FC6 /* View */,
				CFF7A3E425A6D21300D96FC6 /* Assets.xcassets */,
				CFF7A44D25A6DACF00D96FC6 /* restaurant.json */,
				CFF7A45025A6DAE200D96FC6 /* bookmark.json */,
				CFF7A45325A6DB3200D96FC6 /* idcard.json */,
				CFF7A3E625A6D21300D96FC6 /* LaunchScreen.storyboard */,
				CFF7A3E925A6D21300D96FC6 /* Info.plist */,
				CFF7A3E125A6D21200D96FC6 /* Bobcat_Deals.xcdatamodeld */,
			);
			path = "Bobcat Deals";
			sourceTree = "<group>";
		};
		CFF7A3F325A6D4A300D96FC6 /* UIFoundation */ = {
			isa = PBXGroup;
			children = (
				CFF7A3F825A6D4DE00D96FC6 /* UIImage+Extensions.swift */,
				CFF7A3FB25A6D50F00D96FC6 /* UIButton+Extensions.swift */,
				CF4CF56E25A7C9990090D04B /* UIView+Extensions.swift */,
			);
			path = UIFoundation;
			sourceTree = "<group>";
		};
		CFF7A3FE25A6D53400D96FC6 /* Model */ = {
			isa = PBXGroup;
			children = (
				CFF7A3FF25A6D54B00D96FC6 /* MapData */,
				CFF7A40025A6D55700D96FC6 /* CoreData */,
				CFF7A40125A6D55F00D96FC6 /* Services */,
				CFF7A40625A6D5B600D96FC6 /* ImageCache.swift */,
				CF4CF57525A927F40090D04B /* SessionState.swift */,
				CFF7A40225A6D5A100D96FC6 /* BusinessData.swift */,
			);
			path = Model;
			sourceTree = "<group>";
		};
		CFF7A3FF25A6D54B00D96FC6 /* MapData */ = {
			isa = PBXGroup;
			children = (
				CFF7A40925A6D60200D96FC6 /* BusinessAnnotation.swift */,
				CFF7A40D25A6D62B00D96FC6 /* BusinessMapModel.swift */,
			);
			path = MapData;
			sourceTree = "<group>";
		};
		CFF7A40025A6D55700D96FC6 /* CoreData */ = {
			isa = PBXGroup;
			children = (
				CFF7A41C25A6D70700D96FC6 /* Bookmark+CoreDataClass.swift */,
				CFF7A41D25A6D70700D96FC6 /* Bookmark+CoreDataProperties.swift */,
			);
			path = CoreData;
			sourceTree = "<group>";
		};
		CFF7A40125A6D55F00D96FC6 /* Services */ = {
			isa = PBXGroup;
			children = (
				CFF7A41025A6D66300D96FC6 /* NetworkService.swift */,
				CFF7A41325A6D69200D96FC6 /* MapService.swift */,
				CFF7A41625A6D6BA00D96FC6 /* LocationService.swift */,
				CFF7A41925A6D6D900D96FC6 /* PersistenceService.swift */,
			);
			path = Services;
			sourceTree = "<group>";
		};
		CFF7A42125A6D82900D96FC6 /* View */ = {
			isa = PBXGroup;
			children = (
				CFF7A42225A6D84C00D96FC6 /* Class */,
				CFF7A42325A6D85600D96FC6 /* Controller */,
			);
			path = View;
			sourceTree = "<group>";
		};
		CFF7A42225A6D84C00D96FC6 /* Class */ = {
			isa = PBXGroup;
			children = (
				CFF7A42425A6D87300D96FC6 /* CollectionView */,
				CFF7A43225A6D91500D96FC6 /* CategoryBar.swift */,
				CFF7A43525A6D92E00D96FC6 /* SectionHeader.swift */,
				CFF7A43825A6D94700D96FC6 /* BobcatMapView.swift */,
				CFF7A43B25A6D96500D96FC6 /* LocationPopup.swift */,
				CFF7A43E25A6D98000D96FC6 /* StartButton.swift */,
				CF4CF57825A973250090D04B /* CustomImageView.swift */,
			);
			path = Class;
			sourceTree = "<group>";
		};
		CFF7A42325A6D85600D96FC6 /* Controller */ = {
			isa = PBXGroup;
			children = (
				CFF7A44125A6D9A600D96FC6 /* OnboardingViewController.swift */,
				CFF7A44425A6D9C500D96FC6 /* MainTabBarViewController.swift */,
				CFF7A44725A6D9E000D96FC6 /* FeedViewController.swift */,
				CFF7A44A25A6DA0900D96FC6 /* BookmarkViewController.swift */,
			);
			path = Controller;
			sourceTree = "<group>";
		};
		CFF7A42425A6D87300D96FC6 /* CollectionView */ = {
			isa = PBXGroup;
			children = (
				CFF7A42525A6D88F00D96FC6 /* FeedCollectionView.swift */,
				CFF7A42925A6D8B500D96FC6 /* BookedCollectionViewCell.swift */,
				CF4CF57D25B0EBF20090D04B /* BookedTableViewCell.swift */,
				CFF7A42C25A6D8D100D96FC6 /* CategoryCollectionView.swift */,
				CFF7A42F25A6D8F200D96FC6 /* OnboardingCollectionViewCell.swift */,
			);
			path = CollectionView;
			sourceTree = "<group>";
		};
		F5D292F20FB73151C94503B7 /* Pods */ = {
			isa = PBXGroup;
			children = (
				A5BCD652650799A8A7C04F6D /* Pods-Bobcat Deals.debug.xcconfig */,
				171119CFB4C0F879DD70730F /* Pods-Bobcat Deals.release.xcconfig */,
			);
			path = Pods;
			sourceTree = "<group>";
		};
/* End PBXGroup section */

/* Begin PBXNativeTarget section */
		CFF7A3D425A6D21200D96FC6 /* Bobcat Deals */ = {
			isa = PBXNativeTarget;
			buildConfigurationList = CFF7A3EC25A6D21300D96FC6 /* Build configuration list for PBXNativeTarget "Bobcat Deals" */;
			buildPhases = (
				A0C5B03C66DBFBDEB0B2FE41 /* [CP] Check Pods Manifest.lock */,
				CFF7A3D125A6D21200D96FC6 /* Sources */,
				CFF7A3D225A6D21200D96FC6 /* Frameworks */,
				CFF7A3D325A6D21200D96FC6 /* Resources */,
				27DCE965CB6216A8AF31932B /* [CP] Copy Pods Resources */,
			);
			buildRules = (
			);
			dependencies = (
			);
			name = "Bobcat Deals";
			productName = "Bobcat Deals";
			productReference = CFF7A3D525A6D21200D96FC6 /* Bobcat Deals.app */;
			productType = "com.apple.product-type.application";
		};
/* End PBXNativeTarget section */

/* Begin PBXProject section */
		CFF7A3CD25A6D21200D96FC6 /* Project object */ = {
			isa = PBXProject;
			attributes = {
				LastSwiftUpdateCheck = 1230;
				LastUpgradeCheck = 1230;
				TargetAttributes = {
					CFF7A3D425A6D21200D96FC6 = {
						CreatedOnToolsVersion = 12.3;
					};
				};
			};
			buildConfigurationList = CFF7A3D025A6D21200D96FC6 /* Build configuration list for PBXProject "Bobcat Deals" */;
			compatibilityVersion = "Xcode 9.3";
			developmentRegion = en;
			hasScannedForEncodings = 0;
			knownRegions = (
				en,
				Base,
			);
			mainGroup = CFF7A3CC25A6D21200D96FC6;
			productRefGroup = CFF7A3D625A6D21200D96FC6 /* Products */;
			projectDirPath = "";
			projectRoot = "";
			targets = (
				CFF7A3D425A6D21200D96FC6 /* Bobcat Deals */,
			);
		};
/* End PBXProject section */

/* Begin PBXResourcesBuildPhase section */
		CFF7A3D325A6D21200D96FC6 /* Resources */ = {
			isa = PBXResourcesBuildPhase;
			buildActionMask = 2147483647;
			files = (
				CFF7A3E825A6D21300D96FC6 /* LaunchScreen.storyboard in Resources */,
				CFF7A44E25A6DACF00D96FC6 /* restaurant.json in Resources */,
				CFF7A3E525A6D21300D96FC6 /* Assets.xcassets in Resources */,
				CFF7A45425A6DB3200D96FC6 /* idcard.json in Resources */,
				CFF7A45125A6DAE200D96FC6 /* bookmark.json in Resources */,
			);
			runOnlyForDeploymentPostprocessing = 0;
		};
/* End PBXResourcesBuildPhase section */

/* Begin PBXShellScriptBuildPhase section */
		27DCE965CB6216A8AF31932B /* [CP] Copy Pods Resources */ = {
			isa = PBXShellScriptBuildPhase;
			buildActionMask = 2147483647;
			files = (
			);
			inputFileListPaths = (
				"${PODS_ROOT}/Target Support Files/Pods-Bobcat Deals/Pods-Bobcat Deals-resources-${CONFIGURATION}-input-files.xcfilelist",
			);
			name = "[CP] Copy Pods Resources";
			outputFileListPaths = (
				"${PODS_ROOT}/Target Support Files/Pods-Bobcat Deals/Pods-Bobcat Deals-resources-${CONFIGURATION}-output-files.xcfilelist",
			);
			runOnlyForDeploymentPostprocessing = 0;
			shellPath = /bin/sh;
			shellScript = "\"${PODS_ROOT}/Target Support Files/Pods-Bobcat Deals/Pods-Bobcat Deals-resources.sh\"\n";
			showEnvVarsInLog = 0;
		};
		A0C5B03C66DBFBDEB0B2FE41 /* [CP] Check Pods Manifest.lock */ = {
			isa = PBXShellScriptBuildPhase;
			buildActionMask = 2147483647;
			files = (
			);
			inputFileListPaths = (
			);
			inputPaths = (
				"${PODS_PODFILE_DIR_PATH}/Podfile.lock",
				"${PODS_ROOT}/Manifest.lock",
			);
			name = "[CP] Check Pods Manifest.lock";
			outputFileListPaths = (
			);
			outputPaths = (
				"$(DERIVED_FILE_DIR)/Pods-Bobcat Deals-checkManifestLockResult.txt",
			);
			runOnlyForDeploymentPostprocessing = 0;
			shellPath = /bin/sh;
			shellScript = "diff \"${PODS_PODFILE_DIR_PATH}/Podfile.lock\" \"${PODS_ROOT}/Manifest.lock\" > /dev/null\nif [ $? != 0 ] ; then\n    # print error to STDERR\n    echo \"error: The sandbox is not in sync with the Podfile.lock. Run 'pod install' or update your CocoaPods installation.\" >&2\n    exit 1\nfi\n# This output is used by Xcode 'outputs' to avoid re-running this script phase.\necho \"SUCCESS\" > \"${SCRIPT_OUTPUT_FILE_0}\"\n";
			showEnvVarsInLog = 0;
		};
/* End PBXShellScriptBuildPhase section */

/* Begin PBXSourcesBuildPhase section */
		CFF7A3D125A6D21200D96FC6 /* Sources */ = {
			isa = PBXSourcesBuildPhase;
			buildActionMask = 2147483647;
			files = (
				CFF7A42A25A6D8B500D96FC6 /* BookedCollectionViewCell.swift in Sources */,
				CFF7A44825A6D9E000D96FC6 /* FeedViewController.swift in Sources */,
				CFF7A41125A6D66300D96FC6 /* NetworkService.swift in Sources */,
				CFF7A3E325A6D21200D96FC6 /* Bobcat_Deals.xcdatamodeld in Sources */,
				CFF7A3D925A6D21200D96FC6 /* AppDelegate.swift in Sources */,
				CF4CF57925A973250090D04B /* CustomImageView.swift in Sources */,
				CFF7A41F25A6D70700D96FC6 /* Bookmark+CoreDataProperties.swift in Sources */,
				CF4CF57625A927F40090D04B /* SessionState.swift in Sources */,
				CFF7A40A25A6D60200D96FC6 /* BusinessAnnotation.swift in Sources */,
				CFF7A43F25A6D98000D96FC6 /* StartButton.swift in Sources */,
				CFF7A44525A6D9C500D96FC6 /* MainTabBarViewController.swift in Sources */,
				CF4CF57E25B0EBF20090D04B /* BookedTableViewCell.swift in Sources */,
				CFF7A43025A6D8F200D96FC6 /* OnboardingCollectionViewCell.swift in Sources */,
				CFF7A3DB25A6D21200D96FC6 /* SceneDelegate.swift in Sources */,
				CFF7A41E25A6D70700D96FC6 /* Bookmark+CoreDataClass.swift in Sources */,
				CFF7A41A25A6D6D900D96FC6 /* PersistenceService.swift in Sources */,
				CFF7A41425A6D69200D96FC6 /* MapService.swift in Sources */,
				CFF7A44225A6D9A600D96FC6 /* OnboardingViewController.swift in Sources */,
				CFF7A3FC25A6D50F00D96FC6 /* UIButton+Extensions.swift in Sources */,
				CFF7A3F925A6D4DE00D96FC6 /* UIImage+Extensions.swift in Sources */,
				CFF7A40725A6D5B600D96FC6 /* ImageCache.swift in Sources */,
				CFF7A40325A6D5A100D96FC6 /* BusinessData.swift in Sources */,
				CFF7A43325A6D91500D96FC6 /* CategoryBar.swift in Sources */,
				CFF7A42D25A6D8D100D96FC6 /* CategoryCollectionView.swift in Sources */,
				CFF7A43625A6D92E00D96FC6 /* SectionHeader.swift in Sources */,
				CFF7A41725A6D6BA00D96FC6 /* LocationService.swift in Sources */,
				CF4CF56F25A7C9990090D04B /* UIView+Extensions.swift in Sources */,
				CFF7A42625A6D88F00D96FC6 /* FeedCollectionView.swift in Sources */,
				CFF7A44B25A6DA0900D96FC6 /* BookmarkViewController.swift in Sources */,
				CFF7A43925A6D94700D96FC6 /* BobcatMapView.swift in Sources */,
				CFF7A43C25A6D96500D96FC6 /* LocationPopup.swift in Sources */,
				CFF7A40E25A6D62B00D96FC6 /* BusinessMapModel.swift in Sources */,
			);
			runOnlyForDeploymentPostprocessing = 0;
		};
/* End PBXSourcesBuildPhase section */

/* Begin PBXVariantGroup section */
		CFF7A3E625A6D21300D96FC6 /* LaunchScreen.storyboard */ = {
			isa = PBXVariantGroup;
			children = (
				CFF7A3E725A6D21300D96FC6 /* Base */,
			);
			name = LaunchScreen.storyboard;
			sourceTree = "<group>";
		};
/* End PBXVariantGroup section */

/* Begin XCBuildConfiguration section */
		CFF7A3EA25A6D21300D96FC6 /* Debug */ = {
			isa = XCBuildConfiguration;
			buildSettings = {
				ALWAYS_SEARCH_USER_PATHS = NO;
				CLANG_ANALYZER_NONNULL = YES;
				CLANG_ANALYZER_NUMBER_OBJECT_CONVERSION = YES_AGGRESSIVE;
				CLANG_CXX_LANGUAGE_STANDARD = "gnu++14";
				CLANG_CXX_LIBRARY = "libc++";
				CLANG_ENABLE_MODULES = YES;
				CLANG_ENABLE_OBJC_ARC = YES;
				CLANG_ENABLE_OBJC_WEAK = YES;
				CLANG_WARN_BLOCK_CAPTURE_AUTORELEASING = YES;
				CLANG_WARN_BOOL_CONVERSION = YES;
				CLANG_WARN_COMMA = YES;
				CLANG_WARN_CONSTANT_CONVERSION = YES;
				CLANG_WARN_DEPRECATED_OBJC_IMPLEMENTATIONS = YES;
				CLANG_WARN_DIRECT_OBJC_ISA_USAGE = YES_ERROR;
				CLANG_WARN_DOCUMENTATION_COMMENTS = YES;
				CLANG_WARN_EMPTY_BODY = YES;
				CLANG_WARN_ENUM_CONVERSION = YES;
				CLANG_WARN_INFINITE_RECURSION = YES;
				CLANG_WARN_INT_CONVERSION = YES;
				CLANG_WARN_NON_LITERAL_NULL_CONVERSION = YES;
				CLANG_WARN_OBJC_IMPLICIT_RETAIN_SELF = YES;
				CLANG_WARN_OBJC_LITERAL_CONVERSION = YES;
				CLANG_WARN_OBJC_ROOT_CLASS = YES_ERROR;
				CLANG_WARN_QUOTED_INCLUDE_IN_FRAMEWORK_HEADER = YES;
				CLANG_WARN_RANGE_LOOP_ANALYSIS = YES;
				CLANG_WARN_STRICT_PROTOTYPES = YES;
				CLANG_WARN_SUSPICIOUS_MOVE = YES;
				CLANG_WARN_UNGUARDED_AVAILABILITY = YES_AGGRESSIVE;
				CLANG_WARN_UNREACHABLE_CODE = YES;
				CLANG_WARN__DUPLICATE_METHOD_MATCH = YES;
				COPY_PHASE_STRIP = NO;
				DEBUG_INFORMATION_FORMAT = dwarf;
				ENABLE_STRICT_OBJC_MSGSEND = YES;
				ENABLE_TESTABILITY = YES;
				GCC_C_LANGUAGE_STANDARD = gnu11;
				GCC_DYNAMIC_NO_PIC = NO;
				GCC_NO_COMMON_BLOCKS = YES;
				GCC_OPTIMIZATION_LEVEL = 0;
				GCC_PREPROCESSOR_DEFINITIONS = (
					"DEBUG=1",
					"$(inherited)",
				);
				GCC_WARN_64_TO_32_BIT_CONVERSION = YES;
				GCC_WARN_ABOUT_RETURN_TYPE = YES_ERROR;
				GCC_WARN_UNDECLARED_SELECTOR = YES;
				GCC_WARN_UNINITIALIZED_AUTOS = YES_AGGRESSIVE;
				GCC_WARN_UNUSED_FUNCTION = YES;
				GCC_WARN_UNUSED_VARIABLE = YES;
				IPHONEOS_DEPLOYMENT_TARGET = 14.3;
				MTL_ENABLE_DEBUG_INFO = INCLUDE_SOURCE;
				MTL_FAST_MATH = YES;
				ONLY_ACTIVE_ARCH = YES;
				SDKROOT = iphoneos;
				SWIFT_ACTIVE_COMPILATION_CONDITIONS = DEBUG;
				SWIFT_OPTIMIZATION_LEVEL = "-Onone";
			};
			name = Debug;
		};
		CFF7A3EB25A6D21300D96FC6 /* Release */ = {
			isa = XCBuildConfiguration;
			buildSettings = {
				ALWAYS_SEARCH_USER_PATHS = NO;
				CLANG_ANALYZER_NONNULL = YES;
				CLANG_ANALYZER_NUMBER_OBJECT_CONVERSION = YES_AGGRESSIVE;
				CLANG_CXX_LANGUAGE_STANDARD = "gnu++14";
				CLANG_CXX_LIBRARY = "libc++";
				CLANG_ENABLE_MODULES = YES;
				CLANG_ENABLE_OBJC_ARC = YES;
				CLANG_ENABLE_OBJC_WEAK = YES;
				CLANG_WARN_BLOCK_CAPTURE_AUTORELEASING = YES;
				CLANG_WARN_BOOL_CONVERSION = YES;
				CLANG_WARN_COMMA = YES;
				CLANG_WARN_CONSTANT_CONVERSION = YES;
				CLANG_WARN_DEPRECATED_OBJC_IMPLEMENTATIONS = YES;
				CLANG_WARN_DIRECT_OBJC_ISA_USAGE = YES_ERROR;
				CLANG_WARN_DOCUMENTATION_COMMENTS = YES;
				CLANG_WARN_EMPTY_BODY = YES;
				CLANG_WARN_ENUM_CONVERSION = YES;
				CLANG_WARN_INFINITE_RECURSION = YES;
				CLANG_WARN_INT_CONVERSION = YES;
				CLANG_WARN_NON_LITERAL_NULL_CONVERSION = YES;
				CLANG_WARN_OBJC_IMPLICIT_RETAIN_SELF = YES;
				CLANG_WARN_OBJC_LITERAL_CONVERSION = YES;
				CLANG_WARN_OBJC_ROOT_CLASS = YES_ERROR;
				CLANG_WARN_QUOTED_INCLUDE_IN_FRAMEWORK_HEADER = YES;
				CLANG_WARN_RANGE_LOOP_ANALYSIS = YES;
				CLANG_WARN_STRICT_PROTOTYPES = YES;
				CLANG_WARN_SUSPICIOUS_MOVE = YES;
				CLANG_WARN_UNGUARDED_AVAILABILITY = YES_AGGRESSIVE;
				CLANG_WARN_UNREACHABLE_CODE = YES;
				CLANG_WARN__DUPLICATE_METHOD_MATCH = YES;
				COPY_PHASE_STRIP = NO;
				DEBUG_INFORMATION_FORMAT = "dwarf-with-dsym";
				ENABLE_NS_ASSERTIONS = NO;
				ENABLE_STRICT_OBJC_MSGSEND = YES;
				GCC_C_LANGUAGE_STANDARD = gnu11;
				GCC_NO_COMMON_BLOCKS = YES;
				GCC_WARN_64_TO_32_BIT_CONVERSION = YES;
				GCC_WARN_ABOUT_RETURN_TYPE = YES_ERROR;
				GCC_WARN_UNDECLARED_SELECTOR = YES;
				GCC_WARN_UNINITIALIZED_AUTOS = YES_AGGRESSIVE;
				GCC_WARN_UNUSED_FUNCTION = YES;
				GCC_WARN_UNUSED_VARIABLE = YES;
				IPHONEOS_DEPLOYMENT_TARGET = 14.3;
				MTL_ENABLE_DEBUG_INFO = NO;
				MTL_FAST_MATH = YES;
				SDKROOT = iphoneos;
				SWIFT_COMPILATION_MODE = wholemodule;
				SWIFT_OPTIMIZATION_LEVEL = "-O";
				VALIDATE_PRODUCT = YES;
			};
			name = Release;
		};
		CFF7A3ED25A6D21300D96FC6 /* Debug */ = {
			isa = XCBuildConfiguration;
			baseConfigurationReference = A5BCD652650799A8A7C04F6D /* Pods-Bobcat Deals.debug.xcconfig */;
			buildSettings = {
				ASSETCATALOG_COMPILER_APPICON_NAME = AppIcon;
				ASSETCATALOG_COMPILER_GLOBAL_ACCENT_COLOR_NAME = AccentColor;
				CODE_SIGN_STYLE = Automatic;
				DEVELOPMENT_TEAM = 2E24SPH2ZV;
				INFOPLIST_FILE = "Bobcat Deals/Info.plist";
				IPHONEOS_DEPLOYMENT_TARGET = 12.0;
				LD_RUNPATH_SEARCH_PATHS = (
					"$(inherited)",
					"@executable_path/Frameworks",
				);
				PRODUCT_BUNDLE_IDENTIFIER = "com.enriqueflorencio.Bobcat-Deals";
				PRODUCT_NAME = "$(TARGET_NAME)";
				SWIFT_VERSION = 5.0;
				TARGETED_DEVICE_FAMILY = 1;
			};
			name = Debug;
		};
		CFF7A3EE25A6D21300D96FC6 /* Release */ = {
			isa = XCBuildConfiguration;
			baseConfigurationReference = 171119CFB4C0F879DD70730F /* Pods-Bobcat Deals.release.xcconfig */;
			buildSettings = {
				ASSETCATALOG_COMPILER_APPICON_NAME = AppIcon;
				ASSETCATALOG_COMPILER_GLOBAL_ACCENT_COLOR_NAME = AccentColor;
				CODE_SIGN_STYLE = Automatic;
				DEVELOPMENT_TEAM = 2E24SPH2ZV;
				INFOPLIST_FILE = "Bobcat Deals/Info.plist";
				IPHONEOS_DEPLOYMENT_TARGET = 12.0;
				LD_RUNPATH_SEARCH_PATHS = (
					"$(inherited)",
					"@executable_path/Frameworks",
				);
				PRODUCT_BUNDLE_IDENTIFIER = "com.enriqueflorencio.Bobcat-Deals";
				PRODUCT_NAME = "$(TARGET_NAME)";
				SWIFT_VERSION = 5.0;
				TARGETED_DEVICE_FAMILY = 1;
			};
			name = Release;
		};
/* End XCBuildConfiguration section */

/* Begin XCConfigurationList section */
		CFF7A3D025A6D21200D96FC6 /* Build configuration list for PBXProject "Bobcat Deals" */ = {
			isa = XCConfigurationList;
			buildConfigurations = (
				CFF7A3EA25A6D21300D96FC6 /* Debug */,
				CFF7A3EB25A6D21300D96FC6 /* Release */,
			);
			defaultConfigurationIsVisible = 0;
			defaultConfigurationName = Release;
		};
		CFF7A3EC25A6D21300D96FC6 /* Build configuration list for PBXNativeTarget "Bobcat Deals" */ = {
			isa = XCConfigurationList;
			buildConfigurations = (
				CFF7A3ED25A6D21300D96FC6 /* Debug */,
				CFF7A3EE25A6D21300D96FC6 /* Release */,
			);
			defaultConfigurationIsVisible = 0;
			defaultConfigurationName = Release;
		};
/* End XCConfigurationList section */

/* Begin XCVersionGroup section */
		CFF7A3E125A6D21200D96FC6 /* Bobcat_Deals.xcdatamodeld */ = {
			isa = XCVersionGroup;
			children = (
				CF0F554425C39BA6004B382D /* Bobcat_Dealsv 3.xcdatamodel */,
				CF4CF57B25AF8E520090D04B /* Bobcat_Dealsv2.xcdatamodel */,
				CFF7A3E225A6D21200D96FC6 /* Bobcat_Deals.xcdatamodel */,
			);
			currentVersion = CF0F554425C39BA6004B382D /* Bobcat_Dealsv 3.xcdatamodel */;
			path = Bobcat_Deals.xcdatamodeld;
			sourceTree = "<group>";
			versionGroupType = wrapper.xcdatamodel;
		};
/* End XCVersionGroup section */
	};
	rootObject = CFF7A3CD25A6D21200D96FC6 /* Project object */;
}
