// !$*UTF8*$!
{
	archiveVersion = 1;
	classes = {
	};
	objectVersion = 51;
	objects = {

/* Begin PBXBuildFile section */
		4D52301F2A34EF472B2FCAA2 /* Pods_Bobcat_Discounts.framework in Frameworks */ = {isa = PBXBuildFile; fileRef = DB0BE5179B7F6674FCF31937 /* Pods_Bobcat_Discounts.framework */; };
		CFA56EE72575BC2400806C63 /* FeedViewController.swift in Sources */ = {isa = PBXBuildFile; fileRef = CFA56EE62575BC2400806C63 /* FeedViewController.swift */; };
		CFA56EEA2575BDB100806C63 /* BookmarkViewController.swift in Sources */ = {isa = PBXBuildFile; fileRef = CFA56EE92575BDB100806C63 /* BookmarkViewController.swift */; };
		CFA56EEE2575D4A900806C63 /* FeedCollectionViewCell.swift in Sources */ = {isa = PBXBuildFile; fileRef = CFA56EED2575D4A900806C63 /* FeedCollectionViewCell.swift */; };
		CFDAC9092575B3EB0000ED76 /* AppDelegate.swift in Sources */ = {isa = PBXBuildFile; fileRef = CFDAC9082575B3EB0000ED76 /* AppDelegate.swift */; };
		CFDAC90B2575B3EB0000ED76 /* SceneDelegate.swift in Sources */ = {isa = PBXBuildFile; fileRef = CFDAC90A2575B3EB0000ED76 /* SceneDelegate.swift */; };
		CFDAC90D2575B3EB0000ED76 /* MainTabBarViewController.swift in Sources */ = {isa = PBXBuildFile; fileRef = CFDAC90C2575B3EB0000ED76 /* MainTabBarViewController.swift */; };
		CFDAC9122575B3EC0000ED76 /* Assets.xcassets in Resources */ = {isa = PBXBuildFile; fileRef = CFDAC9112575B3EC0000ED76 /* Assets.xcassets */; };
		CFDAC9152575B3EC0000ED76 /* LaunchScreen.storyboard in Resources */ = {isa = PBXBuildFile; fileRef = CFDAC9132575B3EC0000ED76 /* LaunchScreen.storyboard */; };
/* End PBXBuildFile section */

/* Begin PBXFileReference section */
		A9566CB4413F71AC22CE178D /* Pods-Bobcat Discounts.release.xcconfig */ = {isa = PBXFileReference; includeInIndex = 1; lastKnownFileType = text.xcconfig; name = "Pods-Bobcat Discounts.release.xcconfig"; path = "Target Support Files/Pods-Bobcat Discounts/Pods-Bobcat Discounts.release.xcconfig"; sourceTree = "<group>"; };
		CFA56EE62575BC2400806C63 /* FeedViewController.swift */ = {isa = PBXFileReference; lastKnownFileType = sourcecode.swift; path = FeedViewController.swift; sourceTree = "<group>"; };
		CFA56EE92575BDB100806C63 /* BookmarkViewController.swift */ = {isa = PBXFileReference; lastKnownFileType = sourcecode.swift; path = BookmarkViewController.swift; sourceTree = "<group>"; };
		CFA56EED2575D4A900806C63 /* FeedCollectionViewCell.swift */ = {isa = PBXFileReference; lastKnownFileType = sourcecode.swift; path = FeedCollectionViewCell.swift; sourceTree = "<group>"; };
		CFDAC9052575B3EB0000ED76 /* Bobcat Discounts.app */ = {isa = PBXFileReference; explicitFileType = wrapper.application; includeInIndex = 0; path = "Bobcat Discounts.app"; sourceTree = BUILT_PRODUCTS_DIR; };
		CFDAC9082575B3EB0000ED76 /* AppDelegate.swift */ = {isa = PBXFileReference; lastKnownFileType = sourcecode.swift; path = AppDelegate.swift; sourceTree = "<group>"; };
		CFDAC90A2575B3EB0000ED76 /* SceneDelegate.swift */ = {isa = PBXFileReference; lastKnownFileType = sourcecode.swift; path = SceneDelegate.swift; sourceTree = "<group>"; };
		CFDAC90C2575B3EB0000ED76 /* MainTabBarViewController.swift */ = {isa = PBXFileReference; lastKnownFileType = sourcecode.swift; path = MainTabBarViewController.swift; sourceTree = "<group>"; };
		CFDAC9112575B3EC0000ED76 /* Assets.xcassets */ = {isa = PBXFileReference; lastKnownFileType = folder.assetcatalog; path = Assets.xcassets; sourceTree = "<group>"; };
		CFDAC9142575B3EC0000ED76 /* Base */ = {isa = PBXFileReference; lastKnownFileType = file.storyboard; name = Base; path = Base.lproj/LaunchScreen.storyboard; sourceTree = "<group>"; };
		CFDAC9162575B3EC0000ED76 /* Info.plist */ = {isa = PBXFileReference; lastKnownFileType = text.plist.xml; path = Info.plist; sourceTree = "<group>"; };
		DB0BE5179B7F6674FCF31937 /* Pods_Bobcat_Discounts.framework */ = {isa = PBXFileReference; explicitFileType = wrapper.framework; includeInIndex = 0; path = Pods_Bobcat_Discounts.framework; sourceTree = BUILT_PRODUCTS_DIR; };
		E89DE52144FC14CA6F350F3B /* Pods-Bobcat Discounts.debug.xcconfig */ = {isa = PBXFileReference; includeInIndex = 1; lastKnownFileType = text.xcconfig; name = "Pods-Bobcat Discounts.debug.xcconfig"; path = "Target Support Files/Pods-Bobcat Discounts/Pods-Bobcat Discounts.debug.xcconfig"; sourceTree = "<group>"; };
/* End PBXFileReference section */

/* Begin PBXFrameworksBuildPhase section */
		CFDAC9022575B3EB0000ED76 /* Frameworks */ = {
			isa = PBXFrameworksBuildPhase;
			buildActionMask = 2147483647;
			files = (
				4D52301F2A34EF472B2FCAA2 /* Pods_Bobcat_Discounts.framework in Frameworks */,
			);
			runOnlyForDeploymentPostprocessing = 0;
		};
/* End PBXFrameworksBuildPhase section */

/* Begin PBXGroup section */
		0C5133FA650B3A70CF1900A8 /* Pods */ = {
			isa = PBXGroup;
			children = (
				E89DE52144FC14CA6F350F3B /* Pods-Bobcat Discounts.debug.xcconfig */,
				A9566CB4413F71AC22CE178D /* Pods-Bobcat Discounts.release.xcconfig */,
			);
			path = Pods;
			sourceTree = "<group>";
		};
		100509BE067250FFE500B5F3 /* Frameworks */ = {
			isa = PBXGroup;
			children = (
				DB0BE5179B7F6674FCF31937 /* Pods_Bobcat_Discounts.framework */,
			);
			name = Frameworks;
			sourceTree = "<group>";
		};
		CFA56EE22575BB6200806C63 /* View */ = {
			isa = PBXGroup;
			children = (
				CFA56EF12575D96900806C63 /* Class */,
				CFA56EE32575BB7900806C63 /* Controller */,
			);
			path = View;
			sourceTree = "<group>";
		};
		CFA56EE32575BB7900806C63 /* Controller */ = {
			isa = PBXGroup;
			children = (
				CFDAC90C2575B3EB0000ED76 /* MainTabBarViewController.swift */,
				CFA56EE62575BC2400806C63 /* FeedViewController.swift */,
				CFA56EE92575BDB100806C63 /* BookmarkViewController.swift */,
			);
			path = Controller;
			sourceTree = "<group>";
		};
		CFA56EEC2575D44C00806C63 /* CollectionViewCell */ = {
			isa = PBXGroup;
			children = (
				CFA56EED2575D4A900806C63 /* FeedCollectionViewCell.swift */,
			);
			path = CollectionViewCell;
			sourceTree = "<group>";
		};
		CFA56EF12575D96900806C63 /* Class */ = {
			isa = PBXGroup;
			children = (
				CFA56EEC2575D44C00806C63 /* CollectionViewCell */,
			);
			path = Class;
			sourceTree = "<group>";
		};
		CFDAC8FC2575B3EB0000ED76 = {
			isa = PBXGroup;
			children = (
				CFDAC9072575B3EB0000ED76 /* Bobcat Discounts */,
				CFDAC9062575B3EB0000ED76 /* Products */,
				0C5133FA650B3A70CF1900A8 /* Pods */,
				100509BE067250FFE500B5F3 /* Frameworks */,
			);
			sourceTree = "<group>";
		};
		CFDAC9062575B3EB0000ED76 /* Products */ = {
			isa = PBXGroup;
			children = (
				CFDAC9052575B3EB0000ED76 /* Bobcat Discounts.app */,
			);
			name = Products;
			sourceTree = "<group>";
		};
		CFDAC9072575B3EB0000ED76 /* Bobcat Discounts */ = {
			isa = PBXGroup;
			children = (
				CFDAC9082575B3EB0000ED76 /* AppDelegate.swift */,
				CFDAC90A2575B3EB0000ED76 /* SceneDelegate.swift */,
				CFA56EE22575BB6200806C63 /* View */,
				CFDAC9112575B3EC0000ED76 /* Assets.xcassets */,
				CFDAC9132575B3EC0000ED76 /* LaunchScreen.storyboard */,
				CFDAC9162575B3EC0000ED76 /* Info.plist */,
			);
			path = "Bobcat Discounts";
			sourceTree = "<group>";
		};
/* End PBXGroup section */

/* Begin PBXNativeTarget section */
		CFDAC9042575B3EB0000ED76 /* Bobcat Discounts */ = {
			isa = PBXNativeTarget;
			buildConfigurationList = CFDAC9192575B3EC0000ED76 /* Build configuration list for PBXNativeTarget "Bobcat Discounts" */;
			buildPhases = (
				6751EDA264D05E931F8C3EF7 /* [CP] Check Pods Manifest.lock */,
				CFDAC9012575B3EB0000ED76 /* Sources */,
				CFDAC9022575B3EB0000ED76 /* Frameworks */,
				CFDAC9032575B3EB0000ED76 /* Resources */,
				8D9D01E9B771F2BDE643B8AA /* [CP] Embed Pods Frameworks */,
			);
			buildRules = (
			);
			dependencies = (
			);
			name = "Bobcat Discounts";
			productName = "Bobcat Discounts";
			productReference = CFDAC9052575B3EB0000ED76 /* Bobcat Discounts.app */;
			productType = "com.apple.product-type.application";
		};
/* End PBXNativeTarget section */

/* Begin PBXProject section */
		CFDAC8FD2575B3EB0000ED76 /* Project object */ = {
			isa = PBXProject;
			attributes = {
				LastSwiftUpdateCheck = 1220;
				LastUpgradeCheck = 1220;
				TargetAttributes = {
					CFDAC9042575B3EB0000ED76 = {
						CreatedOnToolsVersion = 12.2;
					};
				};
			};
			buildConfigurationList = CFDAC9002575B3EB0000ED76 /* Build configuration list for PBXProject "Bobcat Discounts" */;
			compatibilityVersion = "Xcode 9.3";
			developmentRegion = en;
			hasScannedForEncodings = 0;
			knownRegions = (
				en,
				Base,
			);
			mainGroup = CFDAC8FC2575B3EB0000ED76;
			productRefGroup = CFDAC9062575B3EB0000ED76 /* Products */;
			projectDirPath = "";
			projectRoot = "";
			targets = (
				CFDAC9042575B3EB0000ED76 /* Bobcat Discounts */,
			);
		};
/* End PBXProject section */

/* Begin PBXResourcesBuildPhase section */
		CFDAC9032575B3EB0000ED76 /* Resources */ = {
			isa = PBXResourcesBuildPhase;
			buildActionMask = 2147483647;
			files = (
				CFDAC9152575B3EC0000ED76 /* LaunchScreen.storyboard in Resources */,
				CFDAC9122575B3EC0000ED76 /* Assets.xcassets in Resources */,
			);
			runOnlyForDeploymentPostprocessing = 0;
		};
/* End PBXResourcesBuildPhase section */

/* Begin PBXShellScriptBuildPhase section */
		6751EDA264D05E931F8C3EF7 /* [CP] Check Pods Manifest.lock */ = {
			isa = PBXShellScriptBuildPhase;
			buildActionMask = 2147483647;
			files = (
			);
			inputFileListPaths = (
			);
			inputPaths = (
				"${PODS_PODFILE_DIR_PATH}/Podfile.lock",
				"${PODS_ROOT}/Manifest.lock",
			);
			name = "[CP] Check Pods Manifest.lock";
			outputFileListPaths = (
			);
			outputPaths = (
				"$(DERIVED_FILE_DIR)/Pods-Bobcat Discounts-checkManifestLockResult.txt",
			);
			runOnlyForDeploymentPostprocessing = 0;
			shellPath = /bin/sh;
			shellScript = "diff \"${PODS_PODFILE_DIR_PATH}/Podfile.lock\" \"${PODS_ROOT}/Manifest.lock\" > /dev/null\nif [ $? != 0 ] ; then\n    # print error to STDERR\n    echo \"error: The sandbox is not in sync with the Podfile.lock. Run 'pod install' or update your CocoaPods installation.\" >&2\n    exit 1\nfi\n# This output is used by Xcode 'outputs' to avoid re-running this script phase.\necho \"SUCCESS\" > \"${SCRIPT_OUTPUT_FILE_0}\"\n";
			showEnvVarsInLog = 0;
		};
		8D9D01E9B771F2BDE643B8AA /* [CP] Embed Pods Frameworks */ = {
			isa = PBXShellScriptBuildPhase;
			buildActionMask = 2147483647;
			files = (
			);
			inputFileListPaths = (
				"${PODS_ROOT}/Target Support Files/Pods-Bobcat Discounts/Pods-Bobcat Discounts-frameworks-${CONFIGURATION}-input-files.xcfilelist",
			);
			name = "[CP] Embed Pods Frameworks";
			outputFileListPaths = (
				"${PODS_ROOT}/Target Support Files/Pods-Bobcat Discounts/Pods-Bobcat Discounts-frameworks-${CONFIGURATION}-output-files.xcfilelist",
			);
			runOnlyForDeploymentPostprocessing = 0;
			shellPath = /bin/sh;
			shellScript = "\"${PODS_ROOT}/Target Support Files/Pods-Bobcat Discounts/Pods-Bobcat Discounts-frameworks.sh\"\n";
			showEnvVarsInLog = 0;
		};
/* End PBXShellScriptBuildPhase section */

/* Begin PBXSourcesBuildPhase section */
		CFDAC9012575B3EB0000ED76 /* Sources */ = {
			isa = PBXSourcesBuildPhase;
			buildActionMask = 2147483647;
			files = (
				CFDAC90D2575B3EB0000ED76 /* MainTabBarViewController.swift in Sources */,
				CFDAC9092575B3EB0000ED76 /* AppDelegate.swift in Sources */,
				CFA56EEE2575D4A900806C63 /* FeedCollectionViewCell.swift in Sources */,
				CFA56EE72575BC2400806C63 /* FeedViewController.swift in Sources */,
				CFDAC90B2575B3EB0000ED76 /* SceneDelegate.swift in Sources */,
				CFA56EEA2575BDB100806C63 /* BookmarkViewController.swift in Sources */,
			);
			runOnlyForDeploymentPostprocessing = 0;
		};
/* End PBXSourcesBuildPhase section */

/* Begin PBXVariantGroup section */
		CFDAC9132575B3EC0000ED76 /* LaunchScreen.storyboard */ = {
			isa = PBXVariantGroup;
			children = (
				CFDAC9142575B3EC0000ED76 /* Base */,
			);
			name = LaunchScreen.storyboard;
			sourceTree = "<group>";
		};
/* End PBXVariantGroup section */

/* Begin XCBuildConfiguration section */
		CFDAC9172575B3EC0000ED76 /* Debug */ = {
			isa = XCBuildConfiguration;
			buildSettings = {
				ALWAYS_SEARCH_USER_PATHS = NO;
				CLANG_ANALYZER_NONNULL = YES;
				CLANG_ANALYZER_NUMBER_OBJECT_CONVERSION = YES_AGGRESSIVE;
				CLANG_CXX_LANGUAGE_STANDARD = "gnu++14";
				CLANG_CXX_LIBRARY = "libc++";
				CLANG_ENABLE_MODULES = YES;
				CLANG_ENABLE_OBJC_ARC = YES;
				CLANG_ENABLE_OBJC_WEAK = YES;
				CLANG_WARN_BLOCK_CAPTURE_AUTORELEASING = YES;
				CLANG_WARN_BOOL_CONVERSION = YES;
				CLANG_WARN_COMMA = YES;
				CLANG_WARN_CONSTANT_CONVERSION = YES;
				CLANG_WARN_DEPRECATED_OBJC_IMPLEMENTATIONS = YES;
				CLANG_WARN_DIRECT_OBJC_ISA_USAGE = YES_ERROR;
				CLANG_WARN_DOCUMENTATION_COMMENTS = YES;
				CLANG_WARN_EMPTY_BODY = YES;
				CLANG_WARN_ENUM_CONVERSION = YES;
				CLANG_WARN_INFINITE_RECURSION = YES;
				CLANG_WARN_INT_CONVERSION = YES;
				CLANG_WARN_NON_LITERAL_NULL_CONVERSION = YES;
				CLANG_WARN_OBJC_IMPLICIT_RETAIN_SELF = YES;
				CLANG_WARN_OBJC_LITERAL_CONVERSION = YES;
				CLANG_WARN_OBJC_ROOT_CLASS = YES_ERROR;
				CLANG_WARN_QUOTED_INCLUDE_IN_FRAMEWORK_HEADER = YES;
				CLANG_WARN_RANGE_LOOP_ANALYSIS = YES;
				CLANG_WARN_STRICT_PROTOTYPES = YES;
				CLANG_WARN_SUSPICIOUS_MOVE = YES;
				CLANG_WARN_UNGUARDED_AVAILABILITY = YES_AGGRESSIVE;
				CLANG_WARN_UNREACHABLE_CODE = YES;
				CLANG_WARN__DUPLICATE_METHOD_MATCH = YES;
				COPY_PHASE_STRIP = NO;
				DEBUG_INFORMATION_FORMAT = dwarf;
				ENABLE_STRICT_OBJC_MSGSEND = YES;
				ENABLE_TESTABILITY = YES;
				GCC_C_LANGUAGE_STANDARD = gnu11;
				GCC_DYNAMIC_NO_PIC = NO;
				GCC_NO_COMMON_BLOCKS = YES;
				GCC_OPTIMIZATION_LEVEL = 0;
				GCC_PREPROCESSOR_DEFINITIONS = (
					"DEBUG=1",
					"$(inherited)",
				);
				GCC_WARN_64_TO_32_BIT_CONVERSION = YES;
				GCC_WARN_ABOUT_RETURN_TYPE = YES_ERROR;
				GCC_WARN_UNDECLARED_SELECTOR = YES;
				GCC_WARN_UNINITIALIZED_AUTOS = YES_AGGRESSIVE;
				GCC_WARN_UNUSED_FUNCTION = YES;
				GCC_WARN_UNUSED_VARIABLE = YES;
				IPHONEOS_DEPLOYMENT_TARGET = 14.2;
				MTL_ENABLE_DEBUG_INFO = INCLUDE_SOURCE;
				MTL_FAST_MATH = YES;
				ONLY_ACTIVE_ARCH = YES;
				SDKROOT = iphoneos;
				SWIFT_ACTIVE_COMPILATION_CONDITIONS = DEBUG;
				SWIFT_OPTIMIZATION_LEVEL = "-Onone";
			};
			name = Debug;
		};
		CFDAC9182575B3EC0000ED76 /* Release */ = {
			isa = XCBuildConfiguration;
			buildSettings = {
				ALWAYS_SEARCH_USER_PATHS = NO;
				CLANG_ANALYZER_NONNULL = YES;
				CLANG_ANALYZER_NUMBER_OBJECT_CONVERSION = YES_AGGRESSIVE;
				CLANG_CXX_LANGUAGE_STANDARD = "gnu++14";
				CLANG_CXX_LIBRARY = "libc++";
				CLANG_ENABLE_MODULES = YES;
				CLANG_ENABLE_OBJC_ARC = YES;
				CLANG_ENABLE_OBJC_WEAK = YES;
				CLANG_WARN_BLOCK_CAPTURE_AUTORELEASING = YES;
				CLANG_WARN_BOOL_CONVERSION = YES;
				CLANG_WARN_COMMA = YES;
				CLANG_WARN_CONSTANT_CONVERSION = YES;
				CLANG_WARN_DEPRECATED_OBJC_IMPLEMENTATIONS = YES;
				CLANG_WARN_DIRECT_OBJC_ISA_USAGE = YES_ERROR;
				CLANG_WARN_DOCUMENTATION_COMMENTS = YES;
				CLANG_WARN_EMPTY_BODY = YES;
				CLANG_WARN_ENUM_CONVERSION = YES;
				CLANG_WARN_INFINITE_RECURSION = YES;
				CLANG_WARN_INT_CONVERSION = YES;
				CLANG_WARN_NON_LITERAL_NULL_CONVERSION = YES;
				CLANG_WARN_OBJC_IMPLICIT_RETAIN_SELF = YES;
				CLANG_WARN_OBJC_LITERAL_CONVERSION = YES;
				CLANG_WARN_OBJC_ROOT_CLASS = YES_ERROR;
				CLANG_WARN_QUOTED_INCLUDE_IN_FRAMEWORK_HEADER = YES;
				CLANG_WARN_RANGE_LOOP_ANALYSIS = YES;
				CLANG_WARN_STRICT_PROTOTYPES = YES;
				CLANG_WARN_SUSPICIOUS_MOVE = YES;
				CLANG_WARN_UNGUARDED_AVAILABILITY = YES_AGGRESSIVE;
				CLANG_WARN_UNREACHABLE_CODE = YES;
				CLANG_WARN__DUPLICATE_METHOD_MATCH = YES;
				COPY_PHASE_STRIP = NO;
				DEBUG_INFORMATION_FORMAT = "dwarf-with-dsym";
				ENABLE_NS_ASSERTIONS = NO;
				ENABLE_STRICT_OBJC_MSGSEND = YES;
				GCC_C_LANGUAGE_STANDARD = gnu11;
				GCC_NO_COMMON_BLOCKS = YES;
				GCC_WARN_64_TO_32_BIT_CONVERSION = YES;
				GCC_WARN_ABOUT_RETURN_TYPE = YES_ERROR;
				GCC_WARN_UNDECLARED_SELECTOR = YES;
				GCC_WARN_UNINITIALIZED_AUTOS = YES_AGGRESSIVE;
				GCC_WARN_UNUSED_FUNCTION = YES;
				GCC_WARN_UNUSED_VARIABLE = YES;
				IPHONEOS_DEPLOYMENT_TARGET = 14.2;
				MTL_ENABLE_DEBUG_INFO = NO;
				MTL_FAST_MATH = YES;
				SDKROOT = iphoneos;
				SWIFT_COMPILATION_MODE = wholemodule;
				SWIFT_OPTIMIZATION_LEVEL = "-O";
				VALIDATE_PRODUCT = YES;
			};
			name = Release;
		};
		CFDAC91A2575B3EC0000ED76 /* Debug */ = {
			isa = XCBuildConfiguration;
			baseConfigurationReference = E89DE52144FC14CA6F350F3B /* Pods-Bobcat Discounts.debug.xcconfig */;
			buildSettings = {
				ASSETCATALOG_COMPILER_APPICON_NAME = AppIcon;
				ASSETCATALOG_COMPILER_GLOBAL_ACCENT_COLOR_NAME = AccentColor;
				CODE_SIGN_STYLE = Automatic;
				DEVELOPMENT_TEAM = 2E24SPH2ZV;
				INFOPLIST_FILE = "Bobcat Discounts/Info.plist";
				IPHONEOS_DEPLOYMENT_TARGET = 12.0;
				LD_RUNPATH_SEARCH_PATHS = (
					"$(inherited)",
					"@executable_path/Frameworks",
				);
				PRODUCT_BUNDLE_IDENTIFIER = "com.enriqueflorencio.Bobcat-Discounts";
				PRODUCT_NAME = "$(TARGET_NAME)";
				SWIFT_VERSION = 5.0;
				TARGETED_DEVICE_FAMILY = 1;
			};
			name = Debug;
		};
		CFDAC91B2575B3EC0000ED76 /* Release */ = {
			isa = XCBuildConfiguration;
			baseConfigurationReference = A9566CB4413F71AC22CE178D /* Pods-Bobcat Discounts.release.xcconfig */;
			buildSettings = {
				ASSETCATALOG_COMPILER_APPICON_NAME = AppIcon;
				ASSETCATALOG_COMPILER_GLOBAL_ACCENT_COLOR_NAME = AccentColor;
				CODE_SIGN_STYLE = Automatic;
				DEVELOPMENT_TEAM = 2E24SPH2ZV;
				INFOPLIST_FILE = "Bobcat Discounts/Info.plist";
				IPHONEOS_DEPLOYMENT_TARGET = 12.0;
				LD_RUNPATH_SEARCH_PATHS = (
					"$(inherited)",
					"@executable_path/Frameworks",
				);
				PRODUCT_BUNDLE_IDENTIFIER = "com.enriqueflorencio.Bobcat-Discounts";
				PRODUCT_NAME = "$(TARGET_NAME)";
				SWIFT_VERSION = 5.0;
				TARGETED_DEVICE_FAMILY = 1;
			};
			name = Release;
		};
/* End XCBuildConfiguration section */

/* Begin XCConfigurationList section */
		CFDAC9002575B3EB0000ED76 /* Build configuration list for PBXProject "Bobcat Discounts" */ = {
			isa = XCConfigurationList;
			buildConfigurations = (
				CFDAC9172575B3EC0000ED76 /* Debug */,
				CFDAC9182575B3EC0000ED76 /* Release */,
			);
			defaultConfigurationIsVisible = 0;
			defaultConfigurationName = Release;
		};
		CFDAC9192575B3EC0000ED76 /* Build configuration list for PBXNativeTarget "Bobcat Discounts" */ = {
			isa = XCConfigurationList;
			buildConfigurations = (
				CFDAC91A2575B3EC0000ED76 /* Debug */,
				CFDAC91B2575B3EC0000ED76 /* Release */,
			);
			defaultConfigurationIsVisible = 0;
			defaultConfigurationName = Release;
		};
/* End XCConfigurationList section */
	};
	rootObject = CFDAC8FD2575B3EB0000ED76 /* Project object */;
}
